PODS:
  - Capacitor (7.3.0):
    - CapacitorCordova
  - CapacitorCordova (7.3.0)

DEPENDENCIES:
  - "Capacitor (from `../../node_modules/.pnpm/@capacitor+ios@7.3.0_@capacitor+core@7.3.0/node_modules/@capacitor/ios`)"
  - "CapacitorCordova (from `../../node_modules/.pnpm/@capacitor+ios@7.3.0_@capacitor+core@7.3.0/node_modules/@capacitor/ios`)"

EXTERNAL SOURCES:
  Capacitor:
    :path: "../../node_modules/.pnpm/@capacitor+ios@7.3.0_@capacitor+core@7.3.0/node_modules/@capacitor/ios"
  CapacitorCordova:
    :path: "../../node_modules/.pnpm/@capacitor+ios@7.3.0_@capacitor+core@7.3.0/node_modules/@capacitor/ios"

SPEC CHECKSUMS:
  Capacitor: 8585c18a230122906e114ba5f6325ec65ee1371f
  CapacitorCordova: 2685f5c43675793b5f06dfd66b3b26268f003b97

PODFILE CHECKSUM: cd13a3958fad438a9ad5d017dc853c9b83b2c556

COCOAPODS: 1.16.2
